
Microsoft Visual Studio Solution File, Format Version 12.00
# Visual Studio 15
VisualStudioVersion = 15.0.28307.271
MinimumVisualStudioVersion = 10.0.40219.1
Project("{FAE04EC0-301F-11D3-BF4B-00C04F79EFBC}") = "CodingExercise", "CodingExercise\CodingExercise.csproj", "{652EC2FA-955B-4A73-92F2-660836B55AB1}"
EndProject
Global
	GlobalSection(SolutionConfigurationPlatforms) = preSolution
		Debug|Any CPU = Debug|Any CPU
		Release|Any CPU = Release|Any CPU
	EndGlobalSection
	GlobalSection(ProjectConfigurationPlatforms) = postSolution
		{652EC2FA-955B-4A73-92F2-660836B55AB1}.Debug|Any CPU.ActiveCfg = Debug|Any CPU
		{652EC2FA-955B-4A73-92F2-660836B55AB1}.Debug|Any CPU.Build.0 = Debug|Any CPU
		{652EC2FA-955B-4A73-92F2-660836B55AB1}.Release|Any CPU.ActiveCfg = Release|Any CPU
		{652EC2FA-955B-4A73-92F2-660836B55AB1}.Release|Any CPU.Build.0 = Release|Any CPU
	EndGlobalSection
	GlobalSection(SolutionProperties) = preSolution
		HideSolutionNode = FALSE
	EndGlobalSection
	GlobalSection(ExtensibilityGlobals) = postSolution
		SolutionGuid = {333DEC99-FFE4-4838-9B05-779928496ED7}
	EndGlobalSection
	GlobalSection(TeamFoundationVersionControl) = preSolution
		SccNumberOfProjects = 2
		SccEnterpriseProvider = {4CA58AB2-18FA-4F8D-95D4-32DDF27D184C}
		SccTeamFoundationServer = https://ashishworkspace.visualstudio.com/
		SccLocalPath0 = .
		SccProjectUniqueName1 = CodingExercise\\CodingExercise.csproj
		SccProjectName1 = CodingExercise
		SccLocalPath1 = CodingExercise
	EndGlobalSection
EndGlobal
