
Microsoft Visual Studio Solution File, Format Version 12.00
# Visual Studio 15
VisualStudioVersion = 15.0.28307.329
MinimumVisualStudioVersion = 10.0.40219.1
Project("{FAE04EC0-301F-11D3-BF4B-00C04F79EFBC}") = "NeuralNetworks", "NeuralNetworks\NeuralNetworks.csproj", "{8E5FF52C-7C1B-4C5A-BEE4-88FE0280CD77}"
EndProject
Global
	GlobalSection(SolutionConfigurationPlatforms) = preSolution
		Debug|Any CPU = Debug|Any CPU
		Release|Any CPU = Release|Any CPU
	EndGlobalSection
	GlobalSection(ProjectConfigurationPlatforms) = postSolution
		{8E5FF52C-7C1B-4C5A-BEE4-88FE0280CD77}.Debug|Any CPU.ActiveCfg = Debug|Any CPU
		{8E5FF52C-7C1B-4C5A-BEE4-88FE0280CD77}.Debug|Any CPU.Build.0 = Debug|Any CPU
		{8E5FF52C-7C1B-4C5A-BEE4-88FE0280CD77}.Release|Any CPU.ActiveCfg = Release|Any CPU
		{8E5FF52C-7C1B-4C5A-BEE4-88FE0280CD77}.Release|Any CPU.Build.0 = Release|Any CPU
	EndGlobalSection
	GlobalSection(SolutionProperties) = preSolution
		HideSolutionNode = FALSE
	EndGlobalSection
	GlobalSection(ExtensibilityGlobals) = postSolution
		SolutionGuid = {C78923BD-9BFA-4DD1-BC25-8A1ED16715D1}
	EndGlobalSection
	GlobalSection(TeamFoundationVersionControl) = preSolution
		SccNumberOfProjects = 2
		SccEnterpriseProvider = {4CA58AB2-18FA-4F8D-95D4-32DDF27D184C}
		SccTeamFoundationServer = https://ashishworkspace.visualstudio.com/
		SccLocalPath0 = .
		SccProjectUniqueName1 = NeuralNetworks\\NeuralNetworks.csproj
		SccProjectName1 = NeuralNetworks
		SccLocalPath1 = NeuralNetworks
	EndGlobalSection
EndGlobal
