
Microsoft Visual Studio Solution File, Format Version 12.00
# Visual Studio 15
VisualStudioVersion = 15.0.28307.489
MinimumVisualStudioVersion = 10.0.40219.1
Project("{FAE04EC0-301F-11D3-BF4B-00C04F79EFBC}") = "CriticalSections", "CriticalSections\CriticalSections.csproj", "{7717D1F6-D51A-4D9C-9764-5B6C49495EEC}"
EndProject
Global
	GlobalSection(SolutionConfigurationPlatforms) = preSolution
		Debug|Any CPU = Debug|Any CPU
		Release|Any CPU = Release|Any CPU
	EndGlobalSection
	GlobalSection(ProjectConfigurationPlatforms) = postSolution
		{7717D1F6-D51A-4D9C-9764-5B6C49495EEC}.Debug|Any CPU.ActiveCfg = Debug|Any CPU
		{7717D1F6-D51A-4D9C-9764-5B6C49495EEC}.Debug|Any CPU.Build.0 = Debug|Any CPU
		{7717D1F6-D51A-4D9C-9764-5B6C49495EEC}.Release|Any CPU.ActiveCfg = Release|Any CPU
		{7717D1F6-D51A-4D9C-9764-5B6C49495EEC}.Release|Any CPU.Build.0 = Release|Any CPU
	EndGlobalSection
	GlobalSection(SolutionProperties) = preSolution
		HideSolutionNode = FALSE
	EndGlobalSection
	GlobalSection(ExtensibilityGlobals) = postSolution
		SolutionGuid = {DE06A492-73CC-402F-B4C6-6EDB2DEE3977}
	EndGlobalSection
	GlobalSection(TeamFoundationVersionControl) = preSolution
		SccNumberOfProjects = 2
		SccEnterpriseProvider = {4CA58AB2-18FA-4F8D-95D4-32DDF27D184C}
		SccTeamFoundationServer = https://dev.azure.com/ashishworkspace
		SccLocalPath0 = .
		SccProjectUniqueName1 = CriticalSections\\CriticalSections.csproj
		SccProjectName1 = CriticalSections
		SccLocalPath1 = CriticalSections
	EndGlobalSection
EndGlobal
