
Microsoft Visual Studio Solution File, Format Version 12.00
# Visual Studio 15
VisualStudioVersion = 15.0.28307.489
MinimumVisualStudioVersion = 10.0.40219.1
Project("{FAE04EC0-301F-11D3-BF4B-00C04F79EFBC}") = "ResetEvents", "ResetEvents\ResetEvents.csproj", "{084D91EC-E61F-4C62-AFB0-283B6215053A}"
EndProject
Global
	GlobalSection(SolutionConfigurationPlatforms) = preSolution
		Debug|Any CPU = Debug|Any CPU
		Release|Any CPU = Release|Any CPU
	EndGlobalSection
	GlobalSection(ProjectConfigurationPlatforms) = postSolution
		{084D91EC-E61F-4C62-AFB0-283B6215053A}.Debug|Any CPU.ActiveCfg = Debug|Any CPU
		{084D91EC-E61F-4C62-AFB0-283B6215053A}.Debug|Any CPU.Build.0 = Debug|Any CPU
		{084D91EC-E61F-4C62-AFB0-283B6215053A}.Release|Any CPU.ActiveCfg = Release|Any CPU
		{084D91EC-E61F-4C62-AFB0-283B6215053A}.Release|Any CPU.Build.0 = Release|Any CPU
	EndGlobalSection
	GlobalSection(SolutionProperties) = preSolution
		HideSolutionNode = FALSE
	EndGlobalSection
	GlobalSection(ExtensibilityGlobals) = postSolution
		SolutionGuid = {C07A267A-59D7-47C6-8F1D-C328FECA98BF}
	EndGlobalSection
	GlobalSection(TeamFoundationVersionControl) = preSolution
		SccNumberOfProjects = 2
		SccEnterpriseProvider = {4CA58AB2-18FA-4F8D-95D4-32DDF27D184C}
		SccTeamFoundationServer = https://dev.azure.com/ashishworkspace
		SccLocalPath0 = .
		SccProjectUniqueName1 = ResetEvents\\ResetEvents.csproj
		SccProjectName1 = ResetEvents
		SccLocalPath1 = ResetEvents
	EndGlobalSection
EndGlobal
