
Microsoft Visual Studio Solution File, Format Version 12.00
# Visual Studio 15
VisualStudioVersion = 15.0.28307.489
MinimumVisualStudioVersion = 10.0.40219.1
Project("{FAE04EC0-301F-11D3-BF4B-00C04F79EFBC}") = "TwoSum", "TwoSum\TwoSum.csproj", "{51140779-F422-4501-B1BA-869FD7FB640E}"
EndProject
Project("{FAE04EC0-301F-11D3-BF4B-00C04F79EFBC}") = "TwoSum.Tests", "TwoSum.Tests\TwoSum.Tests.csproj", "{FADFCB25-0740-43EB-A68C-F6629EF0A629}"
EndProject
Global
	GlobalSection(SolutionConfigurationPlatforms) = preSolution
		Debug|Any CPU = Debug|Any CPU
		Release|Any CPU = Release|Any CPU
	EndGlobalSection
	GlobalSection(ProjectConfigurationPlatforms) = postSolution
		{51140779-F422-4501-B1BA-869FD7FB640E}.Debug|Any CPU.ActiveCfg = Debug|Any CPU
		{51140779-F422-4501-B1BA-869FD7FB640E}.Debug|Any CPU.Build.0 = Debug|Any CPU
		{51140779-F422-4501-B1BA-869FD7FB640E}.Release|Any CPU.ActiveCfg = Release|Any CPU
		{51140779-F422-4501-B1BA-869FD7FB640E}.Release|Any CPU.Build.0 = Release|Any CPU
		{FADFCB25-0740-43EB-A68C-F6629EF0A629}.Debug|Any CPU.ActiveCfg = Debug|Any CPU
		{FADFCB25-0740-43EB-A68C-F6629EF0A629}.Debug|Any CPU.Build.0 = Debug|Any CPU
		{FADFCB25-0740-43EB-A68C-F6629EF0A629}.Release|Any CPU.ActiveCfg = Release|Any CPU
		{FADFCB25-0740-43EB-A68C-F6629EF0A629}.Release|Any CPU.Build.0 = Release|Any CPU
	EndGlobalSection
	GlobalSection(SolutionProperties) = preSolution
		HideSolutionNode = FALSE
	EndGlobalSection
	GlobalSection(ExtensibilityGlobals) = postSolution
		SolutionGuid = {F13F3DCE-89D0-4F1D-ACB6-218996751EDE}
	EndGlobalSection
	GlobalSection(TeamFoundationVersionControl) = preSolution
		SccNumberOfProjects = 3
		SccEnterpriseProvider = {4CA58AB2-18FA-4F8D-95D4-32DDF27D184C}
		SccTeamFoundationServer = https://dev.azure.com/ashishworkspace
		SccLocalPath0 = .
		SccProjectUniqueName1 = TwoSum\\TwoSum.csproj
		SccProjectName1 = TwoSum
		SccLocalPath1 = TwoSum
		SccProjectUniqueName2 = TwoSum.Tests\\TwoSum.Tests.csproj
		SccProjectName2 = TwoSum.Tests
		SccLocalPath2 = TwoSum.Tests
	EndGlobalSection
EndGlobal
