
Microsoft Visual Studio Solution File, Format Version 12.00
# Visual Studio 15
VisualStudioVersion = 15.0.28307.489
MinimumVisualStudioVersion = 10.0.40219.1
Project("{FAE04EC0-301F-11D3-BF4B-00C04F79EFBC}") = "CancellingTasks", "CancellingTasks\CancellingTasks.csproj", "{4374A56C-6D4D-457A-BAF6-D1E711528CF4}"
EndProject
Global
	GlobalSection(SolutionConfigurationPlatforms) = preSolution
		Debug|Any CPU = Debug|Any CPU
		Release|Any CPU = Release|Any CPU
	EndGlobalSection
	GlobalSection(ProjectConfigurationPlatforms) = postSolution
		{4374A56C-6D4D-457A-BAF6-D1E711528CF4}.Debug|Any CPU.ActiveCfg = Debug|Any CPU
		{4374A56C-6D4D-457A-BAF6-D1E711528CF4}.Debug|Any CPU.Build.0 = Debug|Any CPU
		{4374A56C-6D4D-457A-BAF6-D1E711528CF4}.Release|Any CPU.ActiveCfg = Release|Any CPU
		{4374A56C-6D4D-457A-BAF6-D1E711528CF4}.Release|Any CPU.Build.0 = Release|Any CPU
	EndGlobalSection
	GlobalSection(SolutionProperties) = preSolution
		HideSolutionNode = FALSE
	EndGlobalSection
	GlobalSection(ExtensibilityGlobals) = postSolution
		SolutionGuid = {65EAB03A-914E-4A8B-AD10-23D28E72A19D}
	EndGlobalSection
	GlobalSection(TeamFoundationVersionControl) = preSolution
		SccNumberOfProjects = 2
		SccEnterpriseProvider = {4CA58AB2-18FA-4F8D-95D4-32DDF27D184C}
		SccTeamFoundationServer = https://dev.azure.com/ashishworkspace
		SccLocalPath0 = .
		SccProjectUniqueName1 = CancellingTasks\\CancellingTasks.csproj
		SccProjectName1 = CancellingTasks
		SccLocalPath1 = CancellingTasks
	EndGlobalSection
EndGlobal
