
Microsoft Visual Studio Solution File, Format Version 12.00
# Visual Studio 15
VisualStudioVersion = 15.0.28307.489
MinimumVisualStudioVersion = 10.0.40219.1
Project("{FAE04EC0-301F-11D3-BF4B-00C04F79EFBC}") = "ParallelLoopsDemo", "ParallelLoopsDemo\ParallelLoopsDemo.csproj", "{C511F329-82B5-4A47-81DA-45EF70511481}"
EndProject
Global
	GlobalSection(SolutionConfigurationPlatforms) = preSolution
		Debug|Any CPU = Debug|Any CPU
		Release|Any CPU = Release|Any CPU
	EndGlobalSection
	GlobalSection(ProjectConfigurationPlatforms) = postSolution
		{C511F329-82B5-4A47-81DA-45EF70511481}.Debug|Any CPU.ActiveCfg = Debug|Any CPU
		{C511F329-82B5-4A47-81DA-45EF70511481}.Debug|Any CPU.Build.0 = Debug|Any CPU
		{C511F329-82B5-4A47-81DA-45EF70511481}.Release|Any CPU.ActiveCfg = Release|Any CPU
		{C511F329-82B5-4A47-81DA-45EF70511481}.Release|Any CPU.Build.0 = Release|Any CPU
	EndGlobalSection
	GlobalSection(SolutionProperties) = preSolution
		HideSolutionNode = FALSE
	EndGlobalSection
	GlobalSection(ExtensibilityGlobals) = postSolution
		SolutionGuid = {CF4CE00E-17EB-4CDB-9636-33956F7280EB}
	EndGlobalSection
	GlobalSection(TeamFoundationVersionControl) = preSolution
		SccNumberOfProjects = 2
		SccEnterpriseProvider = {4CA58AB2-18FA-4F8D-95D4-32DDF27D184C}
		SccTeamFoundationServer = https://dev.azure.com/ashishworkspace
		SccLocalPath0 = .
		SccProjectUniqueName1 = ParallelLoopsDemo\\ParallelLoopsDemo.csproj
		SccProjectName1 = ParallelLoopsDemo
		SccLocalPath1 = ParallelLoopsDemo
	EndGlobalSection
EndGlobal
