
Microsoft Visual Studio Solution File, Format Version 12.00
# Visual Studio 15
VisualStudioVersion = 15.0.28307.489
MinimumVisualStudioVersion = 10.0.40219.1
Project("{FAE04EC0-301F-11D3-BF4B-00C04F79EFBC}") = "ConcurrentQueueDemo", "ConcurrentQueueDemo\ConcurrentQueueDemo.csproj", "{AA5AC05E-7413-4A2F-A5A3-20835E5A64B9}"
EndProject
Global
	GlobalSection(SolutionConfigurationPlatforms) = preSolution
		Debug|Any CPU = Debug|Any CPU
		Release|Any CPU = Release|Any CPU
	EndGlobalSection
	GlobalSection(ProjectConfigurationPlatforms) = postSolution
		{AA5AC05E-7413-4A2F-A5A3-20835E5A64B9}.Debug|Any CPU.ActiveCfg = Debug|Any CPU
		{AA5AC05E-7413-4A2F-A5A3-20835E5A64B9}.Debug|Any CPU.Build.0 = Debug|Any CPU
		{AA5AC05E-7413-4A2F-A5A3-20835E5A64B9}.Release|Any CPU.ActiveCfg = Release|Any CPU
		{AA5AC05E-7413-4A2F-A5A3-20835E5A64B9}.Release|Any CPU.Build.0 = Release|Any CPU
	EndGlobalSection
	GlobalSection(SolutionProperties) = preSolution
		HideSolutionNode = FALSE
	EndGlobalSection
	GlobalSection(ExtensibilityGlobals) = postSolution
		SolutionGuid = {D85C7AB1-44EA-4080-ABA9-0809B60D8B36}
	EndGlobalSection
	GlobalSection(TeamFoundationVersionControl) = preSolution
		SccNumberOfProjects = 2
		SccEnterpriseProvider = {4CA58AB2-18FA-4F8D-95D4-32DDF27D184C}
		SccTeamFoundationServer = https://dev.azure.com/ashishworkspace
		SccLocalPath0 = .
		SccProjectUniqueName1 = ConcurrentQueueDemo\\ConcurrentQueueDemo.csproj
		SccProjectName1 = ConcurrentQueueDemo
		SccLocalPath1 = ConcurrentQueueDemo
	EndGlobalSection
EndGlobal
