
Microsoft Visual Studio Solution File, Format Version 12.00
# Visual Studio 15
VisualStudioVersion = 15.0.28307.489
MinimumVisualStudioVersion = 10.0.40219.1
Project("{FAE04EC0-301F-11D3-BF4B-00C04F79EFBC}") = "BlockingCollectionDemo", "BlockingCollectionDemo\BlockingCollectionDemo.csproj", "{33994920-BEA8-4DC7-A590-FBEA681AF040}"
EndProject
Global
	GlobalSection(SolutionConfigurationPlatforms) = preSolution
		Debug|Any CPU = Debug|Any CPU
		Release|Any CPU = Release|Any CPU
	EndGlobalSection
	GlobalSection(ProjectConfigurationPlatforms) = postSolution
		{33994920-BEA8-4DC7-A590-FBEA681AF040}.Debug|Any CPU.ActiveCfg = Debug|Any CPU
		{33994920-BEA8-4DC7-A590-FBEA681AF040}.Debug|Any CPU.Build.0 = Debug|Any CPU
		{33994920-BEA8-4DC7-A590-FBEA681AF040}.Release|Any CPU.ActiveCfg = Release|Any CPU
		{33994920-BEA8-4DC7-A590-FBEA681AF040}.Release|Any CPU.Build.0 = Release|Any CPU
	EndGlobalSection
	GlobalSection(SolutionProperties) = preSolution
		HideSolutionNode = FALSE
	EndGlobalSection
	GlobalSection(ExtensibilityGlobals) = postSolution
		SolutionGuid = {4A9C6F25-11DD-430B-9E0E-5307E34D58F2}
	EndGlobalSection
	GlobalSection(TeamFoundationVersionControl) = preSolution
		SccNumberOfProjects = 2
		SccEnterpriseProvider = {4CA58AB2-18FA-4F8D-95D4-32DDF27D184C}
		SccTeamFoundationServer = https://dev.azure.com/ashishworkspace
		SccLocalPath0 = .
		SccProjectUniqueName1 = BlockingCollectionDemo\\BlockingCollectionDemo.csproj
		SccProjectName1 = BlockingCollectionDemo
		SccLocalPath1 = BlockingCollectionDemo
	EndGlobalSection
EndGlobal
