
Microsoft Visual Studio Solution File, Format Version 12.00
# Visual Studio 15
VisualStudioVersion = 15.0.28307.329
MinimumVisualStudioVersion = 10.0.40219.1
Project("{FAE04EC0-301F-11D3-BF4B-00C04F79EFBC}") = "CodingExercise", "CodingExercise\CodingExercise.csproj", "{954CFE9E-7FB6-40A2-993B-C266888E327C}"
EndProject
Global
	GlobalSection(SolutionConfigurationPlatforms) = preSolution
		Debug|Any CPU = Debug|Any CPU
		Release|Any CPU = Release|Any CPU
	EndGlobalSection
	GlobalSection(ProjectConfigurationPlatforms) = postSolution
		{954CFE9E-7FB6-40A2-993B-C266888E327C}.Debug|Any CPU.ActiveCfg = Debug|Any CPU
		{954CFE9E-7FB6-40A2-993B-C266888E327C}.Debug|Any CPU.Build.0 = Debug|Any CPU
		{954CFE9E-7FB6-40A2-993B-C266888E327C}.Release|Any CPU.ActiveCfg = Release|Any CPU
		{954CFE9E-7FB6-40A2-993B-C266888E327C}.Release|Any CPU.Build.0 = Release|Any CPU
	EndGlobalSection
	GlobalSection(SolutionProperties) = preSolution
		HideSolutionNode = FALSE
	EndGlobalSection
	GlobalSection(ExtensibilityGlobals) = postSolution
		SolutionGuid = {F5A1BB66-38CE-4CEB-8397-70824334B29F}
	EndGlobalSection
	GlobalSection(TeamFoundationVersionControl) = preSolution
		SccNumberOfProjects = 2
		SccEnterpriseProvider = {4CA58AB2-18FA-4F8D-95D4-32DDF27D184C}
		SccTeamFoundationServer = https://dev.azure.com/ashishworkspace
		SccLocalPath0 = .
		SccProjectUniqueName1 = CodingExercise\\CodingExercise.csproj
		SccProjectName1 = CodingExercise
		SccLocalPath1 = CodingExercise
	EndGlobalSection
EndGlobal
