
Microsoft Visual Studio Solution File, Format Version 12.00
# Visual Studio 15
VisualStudioVersion = 15.0.28307.329
MinimumVisualStudioVersion = 10.0.40219.1
Project("{FAE04EC0-301F-11D3-BF4B-00C04F79EFBC}") = "LocalInversionOfControl", "LocalInversionOfControl\LocalInversionOfControl.csproj", "{91015E2F-52E2-46BE-B939-8D75DB146A0E}"
EndProject
Global
	GlobalSection(SolutionConfigurationPlatforms) = preSolution
		Debug|Any CPU = Debug|Any CPU
		Release|Any CPU = Release|Any CPU
	EndGlobalSection
	GlobalSection(ProjectConfigurationPlatforms) = postSolution
		{91015E2F-52E2-46BE-B939-8D75DB146A0E}.Debug|Any CPU.ActiveCfg = Debug|Any CPU
		{91015E2F-52E2-46BE-B939-8D75DB146A0E}.Debug|Any CPU.Build.0 = Debug|Any CPU
		{91015E2F-52E2-46BE-B939-8D75DB146A0E}.Release|Any CPU.ActiveCfg = Release|Any CPU
		{91015E2F-52E2-46BE-B939-8D75DB146A0E}.Release|Any CPU.Build.0 = Release|Any CPU
	EndGlobalSection
	GlobalSection(SolutionProperties) = preSolution
		HideSolutionNode = FALSE
	EndGlobalSection
	GlobalSection(ExtensibilityGlobals) = postSolution
		SolutionGuid = {EBB9A543-0F74-4E1A-9CEA-68345BBB723E}
	EndGlobalSection
	GlobalSection(TeamFoundationVersionControl) = preSolution
		SccNumberOfProjects = 2
		SccEnterpriseProvider = {4CA58AB2-18FA-4F8D-95D4-32DDF27D184C}
		SccTeamFoundationServer = https://ashishworkspace.visualstudio.com/
		SccLocalPath0 = .
		SccProjectUniqueName1 = LocalInversionOfControl\\LocalInversionOfControl.csproj
		SccProjectName1 = LocalInversionOfControl
		SccLocalPath1 = LocalInversionOfControl
	EndGlobalSection
EndGlobal
