
Microsoft Visual Studio Solution File, Format Version 12.00
# Visual Studio 15
VisualStudioVersion = 15.0.28307.489
MinimumVisualStudioVersion = 10.0.40219.1
Project("{FAE04EC0-301F-11D3-BF4B-00C04F79EFBC}") = "WaitingForTimeToPass", "WaitingForTimeToPass\WaitingForTimeToPass.csproj", "{2FB3BF58-FB97-4AE2-B51C-444C889920C6}"
EndProject
Global
	GlobalSection(SolutionConfigurationPlatforms) = preSolution
		Debug|Any CPU = Debug|Any CPU
		Release|Any CPU = Release|Any CPU
	EndGlobalSection
	GlobalSection(ProjectConfigurationPlatforms) = postSolution
		{2FB3BF58-FB97-4AE2-B51C-444C889920C6}.Debug|Any CPU.ActiveCfg = Debug|Any CPU
		{2FB3BF58-FB97-4AE2-B51C-444C889920C6}.Debug|Any CPU.Build.0 = Debug|Any CPU
		{2FB3BF58-FB97-4AE2-B51C-444C889920C6}.Release|Any CPU.ActiveCfg = Release|Any CPU
		{2FB3BF58-FB97-4AE2-B51C-444C889920C6}.Release|Any CPU.Build.0 = Release|Any CPU
	EndGlobalSection
	GlobalSection(SolutionProperties) = preSolution
		HideSolutionNode = FALSE
	EndGlobalSection
	GlobalSection(ExtensibilityGlobals) = postSolution
		SolutionGuid = {15B86CE0-C081-4136-B085-0D2186F41EB4}
	EndGlobalSection
	GlobalSection(TeamFoundationVersionControl) = preSolution
		SccNumberOfProjects = 2
		SccEnterpriseProvider = {4CA58AB2-18FA-4F8D-95D4-32DDF27D184C}
		SccTeamFoundationServer = https://dev.azure.com/ashishworkspace
		SccLocalPath0 = .
		SccProjectUniqueName1 = WaitingForTimeToPass\\WaitingForTimeToPass.csproj
		SccProjectName1 = WaitingForTimeToPass
		SccLocalPath1 = WaitingForTimeToPass
	EndGlobalSection
EndGlobal
