
Microsoft Visual Studio Solution File, Format Version 12.00
# Visual Studio 15
VisualStudioVersion = 15.0.28307.489
MinimumVisualStudioVersion = 10.0.40219.1
Project("{FAE04EC0-301F-11D3-BF4B-00C04F79EFBC}") = "AsyncAwait", "AsyncAwait.csproj", "{06EDA257-28AF-47A3-9BFD-184EF49C7ED5}"
EndProject
Global
	GlobalSection(SolutionConfigurationPlatforms) = preSolution
		Debug|Any CPU = Debug|Any CPU
		Release|Any CPU = Release|Any CPU
	EndGlobalSection
	GlobalSection(ProjectConfigurationPlatforms) = postSolution
		{06EDA257-28AF-47A3-9BFD-184EF49C7ED5}.Debug|Any CPU.ActiveCfg = Debug|Any CPU
		{06EDA257-28AF-47A3-9BFD-184EF49C7ED5}.Debug|Any CPU.Build.0 = Debug|Any CPU
		{06EDA257-28AF-47A3-9BFD-184EF49C7ED5}.Release|Any CPU.ActiveCfg = Release|Any CPU
		{06EDA257-28AF-47A3-9BFD-184EF49C7ED5}.Release|Any CPU.Build.0 = Release|Any CPU
	EndGlobalSection
	GlobalSection(SolutionProperties) = preSolution
		HideSolutionNode = FALSE
	EndGlobalSection
	GlobalSection(ExtensibilityGlobals) = postSolution
		SolutionGuid = {2965C808-978C-419E-B3D4-240FF822B464}
	EndGlobalSection
EndGlobal
