
Microsoft Visual Studio Solution File, Format Version 12.00
# Visual Studio 15
VisualStudioVersion = 15.0.28307.329
MinimumVisualStudioVersion = 10.0.40219.1
Project("{FAE04EC0-301F-11D3-BF4B-00C04F79EFBC}") = "SwitchBasedStateMachine", "SwitchBasedStateMachine\SwitchBasedStateMachine.csproj", "{C4CCE5DF-BCA9-4659-AECA-2B4499A68D80}"
EndProject
Global
	GlobalSection(SolutionConfigurationPlatforms) = preSolution
		Debug|Any CPU = Debug|Any CPU
		Release|Any CPU = Release|Any CPU
	EndGlobalSection
	GlobalSection(ProjectConfigurationPlatforms) = postSolution
		{C4CCE5DF-BCA9-4659-AECA-2B4499A68D80}.Debug|Any CPU.ActiveCfg = Debug|Any CPU
		{C4CCE5DF-BCA9-4659-AECA-2B4499A68D80}.Debug|Any CPU.Build.0 = Debug|Any CPU
		{C4CCE5DF-BCA9-4659-AECA-2B4499A68D80}.Release|Any CPU.ActiveCfg = Release|Any CPU
		{C4CCE5DF-BCA9-4659-AECA-2B4499A68D80}.Release|Any CPU.Build.0 = Release|Any CPU
	EndGlobalSection
	GlobalSection(SolutionProperties) = preSolution
		HideSolutionNode = FALSE
	EndGlobalSection
	GlobalSection(ExtensibilityGlobals) = postSolution
		SolutionGuid = {991642DB-AAA8-4548-AD0D-33ECC167DE37}
	EndGlobalSection
	GlobalSection(TeamFoundationVersionControl) = preSolution
		SccNumberOfProjects = 2
		SccEnterpriseProvider = {4CA58AB2-18FA-4F8D-95D4-32DDF27D184C}
		SccTeamFoundationServer = https://ashishworkspace.visualstudio.com/
		SccLocalPath0 = .
		SccProjectUniqueName1 = SwitchBasedStateMachine\\SwitchBasedStateMachine.csproj
		SccProjectName1 = SwitchBasedStateMachine
		SccLocalPath1 = SwitchBasedStateMachine
	EndGlobalSection
EndGlobal
