
Microsoft Visual Studio Solution File, Format Version 12.00
# Visual Studio 15
VisualStudioVersion = 15.0.28307.271
MinimumVisualStudioVersion = 10.0.40219.1
Project("{FAE04EC0-301F-11D3-BF4B-00C04F79EFBC}") = "CodingExercise", "CodingExercise\CodingExercise.csproj", "{39A83F14-812F-40C7-BAA5-75E94719FF5E}"
EndProject
Global
	GlobalSection(SolutionConfigurationPlatforms) = preSolution
		Debug|Any CPU = Debug|Any CPU
		Release|Any CPU = Release|Any CPU
	EndGlobalSection
	GlobalSection(ProjectConfigurationPlatforms) = postSolution
		{39A83F14-812F-40C7-BAA5-75E94719FF5E}.Debug|Any CPU.ActiveCfg = Debug|Any CPU
		{39A83F14-812F-40C7-BAA5-75E94719FF5E}.Debug|Any CPU.Build.0 = Debug|Any CPU
		{39A83F14-812F-40C7-BAA5-75E94719FF5E}.Release|Any CPU.ActiveCfg = Release|Any CPU
		{39A83F14-812F-40C7-BAA5-75E94719FF5E}.Release|Any CPU.Build.0 = Release|Any CPU
	EndGlobalSection
	GlobalSection(SolutionProperties) = preSolution
		HideSolutionNode = FALSE
	EndGlobalSection
	GlobalSection(ExtensibilityGlobals) = postSolution
		SolutionGuid = {2DD7C52A-9EFA-4249-AE14-75212E0C0691}
	EndGlobalSection
	GlobalSection(TeamFoundationVersionControl) = preSolution
		SccNumberOfProjects = 2
		SccEnterpriseProvider = {4CA58AB2-18FA-4F8D-95D4-32DDF27D184C}
		SccTeamFoundationServer = https://ashishworkspace.visualstudio.com/
		SccLocalPath0 = .
		SccProjectUniqueName1 = CodingExercise\\CodingExercise.csproj
		SccProjectName1 = CodingExercise
		SccLocalPath1 = CodingExercise
	EndGlobalSection
EndGlobal
