
Microsoft Visual Studio Solution File, Format Version 12.00
# Visual Studio 15
VisualStudioVersion = 15.0.28307.489
MinimumVisualStudioVersion = 10.0.40219.1
Project("{FAE04EC0-301F-11D3-BF4B-00C04F79EFBC}") = "CancellationAndExceptions", "CancellationAndExceptions\CancellationAndExceptions.csproj", "{FF609292-0CB4-4BDC-8FE7-4701BAF0B631}"
EndProject
Global
	GlobalSection(SolutionConfigurationPlatforms) = preSolution
		Debug|Any CPU = Debug|Any CPU
		Release|Any CPU = Release|Any CPU
	EndGlobalSection
	GlobalSection(ProjectConfigurationPlatforms) = postSolution
		{FF609292-0CB4-4BDC-8FE7-4701BAF0B631}.Debug|Any CPU.ActiveCfg = Debug|Any CPU
		{FF609292-0CB4-4BDC-8FE7-4701BAF0B631}.Debug|Any CPU.Build.0 = Debug|Any CPU
		{FF609292-0CB4-4BDC-8FE7-4701BAF0B631}.Release|Any CPU.ActiveCfg = Release|Any CPU
		{FF609292-0CB4-4BDC-8FE7-4701BAF0B631}.Release|Any CPU.Build.0 = Release|Any CPU
	EndGlobalSection
	GlobalSection(SolutionProperties) = preSolution
		HideSolutionNode = FALSE
	EndGlobalSection
	GlobalSection(ExtensibilityGlobals) = postSolution
		SolutionGuid = {D07608F1-D7C0-4199-8641-1C70BAC7E5E5}
	EndGlobalSection
	GlobalSection(TeamFoundationVersionControl) = preSolution
		SccNumberOfProjects = 2
		SccEnterpriseProvider = {4CA58AB2-18FA-4F8D-95D4-32DDF27D184C}
		SccTeamFoundationServer = https://dev.azure.com/ashishworkspace
		SccLocalPath0 = .
		SccProjectUniqueName1 = CancellationAndExceptions\\CancellationAndExceptions.csproj
		SccProjectName1 = CancellationAndExceptions
		SccLocalPath1 = CancellationAndExceptions
	EndGlobalSection
EndGlobal
