
Microsoft Visual Studio Solution File, Format Version 12.00
# Visual Studio 15
VisualStudioVersion = 15.0.28307.329
MinimumVisualStudioVersion = 10.0.40219.1
Project("{FAE04EC0-301F-11D3-BF4B-00C04F79EFBC}") = "EventBroker", "EventBroker\EventBroker.csproj", "{72A988C8-6635-4F54-AD2A-A4A7161BEE33}"
EndProject
Global
	GlobalSection(SolutionConfigurationPlatforms) = preSolution
		Debug|Any CPU = Debug|Any CPU
		Release|Any CPU = Release|Any CPU
	EndGlobalSection
	GlobalSection(ProjectConfigurationPlatforms) = postSolution
		{72A988C8-6635-4F54-AD2A-A4A7161BEE33}.Debug|Any CPU.ActiveCfg = Debug|Any CPU
		{72A988C8-6635-4F54-AD2A-A4A7161BEE33}.Debug|Any CPU.Build.0 = Debug|Any CPU
		{72A988C8-6635-4F54-AD2A-A4A7161BEE33}.Release|Any CPU.ActiveCfg = Release|Any CPU
		{72A988C8-6635-4F54-AD2A-A4A7161BEE33}.Release|Any CPU.Build.0 = Release|Any CPU
	EndGlobalSection
	GlobalSection(SolutionProperties) = preSolution
		HideSolutionNode = FALSE
	EndGlobalSection
	GlobalSection(ExtensibilityGlobals) = postSolution
		SolutionGuid = {928C93DA-88E2-4A5E-91A0-69D6FA7DF0C1}
	EndGlobalSection
	GlobalSection(TeamFoundationVersionControl) = preSolution
		SccNumberOfProjects = 2
		SccEnterpriseProvider = {4CA58AB2-18FA-4F8D-95D4-32DDF27D184C}
		SccTeamFoundationServer = https://ashishworkspace.visualstudio.com/
		SccLocalPath0 = .
		SccProjectUniqueName1 = EventBroker\\EventBroker.csproj
		SccProjectName1 = EventBroker
		SccLocalPath1 = EventBroker
	EndGlobalSection
EndGlobal
