
Microsoft Visual Studio Solution File, Format Version 12.00
# Visual Studio 15
VisualStudioVersion = 15.0.28307.271
MinimumVisualStudioVersion = 10.0.40219.1
Project("{FAE04EC0-301F-11D3-BF4B-00C04F79EFBC}") = "BridgePattern", "BridgePattern\BridgePattern.csproj", "{B3D1230B-147C-46D7-B149-E592BE2A0814}"
EndProject
Global
	GlobalSection(SolutionConfigurationPlatforms) = preSolution
		Debug|Any CPU = Debug|Any CPU
		Release|Any CPU = Release|Any CPU
	EndGlobalSection
	GlobalSection(ProjectConfigurationPlatforms) = postSolution
		{B3D1230B-147C-46D7-B149-E592BE2A0814}.Debug|Any CPU.ActiveCfg = Debug|Any CPU
		{B3D1230B-147C-46D7-B149-E592BE2A0814}.Debug|Any CPU.Build.0 = Debug|Any CPU
		{B3D1230B-147C-46D7-B149-E592BE2A0814}.Release|Any CPU.ActiveCfg = Release|Any CPU
		{B3D1230B-147C-46D7-B149-E592BE2A0814}.Release|Any CPU.Build.0 = Release|Any CPU
	EndGlobalSection
	GlobalSection(SolutionProperties) = preSolution
		HideSolutionNode = FALSE
	EndGlobalSection
	GlobalSection(ExtensibilityGlobals) = postSolution
		SolutionGuid = {1A2F38BF-7A29-436C-9348-EA68D0254450}
	EndGlobalSection
	GlobalSection(TeamFoundationVersionControl) = preSolution
		SccNumberOfProjects = 2
		SccEnterpriseProvider = {4CA58AB2-18FA-4F8D-95D4-32DDF27D184C}
		SccTeamFoundationServer = https://ashishworkspace.visualstudio.com/
		SccLocalPath0 = .
		SccProjectUniqueName1 = BridgePattern\\BridgePattern.csproj
		SccProjectName1 = BridgePattern
		SccLocalPath1 = BridgePattern
	EndGlobalSection
EndGlobal
