
Microsoft Visual Studio Solution File, Format Version 12.00
# Visual Studio 15
VisualStudioVersion = 15.0.28307.168
MinimumVisualStudioVersion = 10.0.40219.1
Project("{FAE04EC0-301F-11D3-BF4B-00C04F79EFBC}") = "LambdaTutorial", "LambdaTutorial\LambdaTutorial.csproj", "{C106D7D4-EE5F-4EFE-9716-FA02834EA62F}"
EndProject
Global
	GlobalSection(SolutionConfigurationPlatforms) = preSolution
		Debug|Any CPU = Debug|Any CPU
		Release|Any CPU = Release|Any CPU
	EndGlobalSection
	GlobalSection(ProjectConfigurationPlatforms) = postSolution
		{C106D7D4-EE5F-4EFE-9716-FA02834EA62F}.Debug|Any CPU.ActiveCfg = Debug|Any CPU
		{C106D7D4-EE5F-4EFE-9716-FA02834EA62F}.Debug|Any CPU.Build.0 = Debug|Any CPU
		{C106D7D4-EE5F-4EFE-9716-FA02834EA62F}.Release|Any CPU.ActiveCfg = Release|Any CPU
		{C106D7D4-EE5F-4EFE-9716-FA02834EA62F}.Release|Any CPU.Build.0 = Release|Any CPU
	EndGlobalSection
	GlobalSection(SolutionProperties) = preSolution
		HideSolutionNode = FALSE
	EndGlobalSection
	GlobalSection(ExtensibilityGlobals) = postSolution
		SolutionGuid = {3BC94745-64C0-458B-A702-A8306746F0D8}
	EndGlobalSection
	GlobalSection(TeamFoundationVersionControl) = preSolution
		SccNumberOfProjects = 2
		SccEnterpriseProvider = {4CA58AB2-18FA-4F8D-95D4-32DDF27D184C}
		SccTeamFoundationServer = https://ashishworkspace.visualstudio.com/
		SccLocalPath0 = .
		SccProjectUniqueName1 = LambdaTutorial\\LambdaTutorial.csproj
		SccProjectName1 = LambdaTutorial
		SccLocalPath1 = LambdaTutorial
	EndGlobalSection
EndGlobal
