
Microsoft Visual Studio Solution File, Format Version 12.00
# Visual Studio 15
VisualStudioVersion = 15.0.28307.489
MinimumVisualStudioVersion = 10.0.40219.1
Project("{FAE04EC0-301F-11D3-BF4B-00C04F79EFBC}") = "CaesarCipher", "CaesarCipher\CaesarCipher.csproj", "{7951C4AA-1A70-4F64-BFBE-3ACEF6D63116}"
EndProject
Project("{FAE04EC0-301F-11D3-BF4B-00C04F79EFBC}") = "CaesarCipher.UnitTests", "CaesarCipher.UnitTests\CaesarCipher.UnitTests.csproj", "{9AB95EF1-5F78-4D72-93F0-59614552088C}"
EndProject
Global
	GlobalSection(SolutionConfigurationPlatforms) = preSolution
		Debug|Any CPU = Debug|Any CPU
		Release|Any CPU = Release|Any CPU
	EndGlobalSection
	GlobalSection(ProjectConfigurationPlatforms) = postSolution
		{7951C4AA-1A70-4F64-BFBE-3ACEF6D63116}.Debug|Any CPU.ActiveCfg = Debug|Any CPU
		{7951C4AA-1A70-4F64-BFBE-3ACEF6D63116}.Debug|Any CPU.Build.0 = Debug|Any CPU
		{7951C4AA-1A70-4F64-BFBE-3ACEF6D63116}.Release|Any CPU.ActiveCfg = Release|Any CPU
		{7951C4AA-1A70-4F64-BFBE-3ACEF6D63116}.Release|Any CPU.Build.0 = Release|Any CPU
		{9AB95EF1-5F78-4D72-93F0-59614552088C}.Debug|Any CPU.ActiveCfg = Debug|Any CPU
		{9AB95EF1-5F78-4D72-93F0-59614552088C}.Debug|Any CPU.Build.0 = Debug|Any CPU
		{9AB95EF1-5F78-4D72-93F0-59614552088C}.Release|Any CPU.ActiveCfg = Release|Any CPU
		{9AB95EF1-5F78-4D72-93F0-59614552088C}.Release|Any CPU.Build.0 = Release|Any CPU
	EndGlobalSection
	GlobalSection(SolutionProperties) = preSolution
		HideSolutionNode = FALSE
	EndGlobalSection
	GlobalSection(ExtensibilityGlobals) = postSolution
		SolutionGuid = {52C00B5A-F34B-4AFC-A4D6-A7DF29FE02CF}
	EndGlobalSection
	GlobalSection(TeamFoundationVersionControl) = preSolution
		SccNumberOfProjects = 3
		SccEnterpriseProvider = {4CA58AB2-18FA-4F8D-95D4-32DDF27D184C}
		SccTeamFoundationServer = https://dev.azure.com/ashishworkspace
		SccLocalPath0 = .
		SccProjectUniqueName1 = CaesarCipher\\CaesarCipher.csproj
		SccProjectName1 = CaesarCipher
		SccLocalPath1 = CaesarCipher
		SccProjectUniqueName2 = CaesarCipher.UnitTests\\CaesarCipher.UnitTests.csproj
		SccProjectName2 = CaesarCipher.UnitTests
		SccLocalPath2 = CaesarCipher.UnitTests
	EndGlobalSection
EndGlobal
