
Microsoft Visual Studio Solution File, Format Version 12.00
# Visual Studio 15
VisualStudioVersion = 15.0.28307.168
MinimumVisualStudioVersion = 10.0.40219.1
Project("{FAE04EC0-301F-11D3-BF4B-00C04F79EFBC}") = "Threads", "Threads\Threads.csproj", "{F67397A0-39BC-4FEF-B9FE-0A168A85A70C}"
EndProject
Global
	GlobalSection(SolutionConfigurationPlatforms) = preSolution
		Debug|Any CPU = Debug|Any CPU
		Release|Any CPU = Release|Any CPU
	EndGlobalSection
	GlobalSection(ProjectConfigurationPlatforms) = postSolution
		{F67397A0-39BC-4FEF-B9FE-0A168A85A70C}.Debug|Any CPU.ActiveCfg = Debug|Any CPU
		{F67397A0-39BC-4FEF-B9FE-0A168A85A70C}.Debug|Any CPU.Build.0 = Debug|Any CPU
		{F67397A0-39BC-4FEF-B9FE-0A168A85A70C}.Release|Any CPU.ActiveCfg = Release|Any CPU
		{F67397A0-39BC-4FEF-B9FE-0A168A85A70C}.Release|Any CPU.Build.0 = Release|Any CPU
	EndGlobalSection
	GlobalSection(SolutionProperties) = preSolution
		HideSolutionNode = FALSE
	EndGlobalSection
	GlobalSection(ExtensibilityGlobals) = postSolution
		SolutionGuid = {5537738D-FEFD-483D-BA59-C5DB46B860E3}
	EndGlobalSection
	GlobalSection(TeamFoundationVersionControl) = preSolution
		SccNumberOfProjects = 2
		SccEnterpriseProvider = {4CA58AB2-18FA-4F8D-95D4-32DDF27D184C}
		SccTeamFoundationServer = https://ashishworkspace.visualstudio.com/
		SccLocalPath0 = .
		SccProjectUniqueName1 = Threads\\Threads.csproj
		SccProjectName1 = Threads
		SccLocalPath1 = Threads
	EndGlobalSection
EndGlobal
