
Microsoft Visual Studio Solution File, Format Version 12.00
# Visual Studio 15
VisualStudioVersion = 15.0.28307.329
MinimumVisualStudioVersion = 10.0.40219.1
Project("{FAE04EC0-301F-11D3-BF4B-00C04F79EFBC}") = "CodingExercise", "CodingExercise\CodingExercise.csproj", "{F924F7B2-B0E2-4C29-8D01-5482E4A50D6E}"
EndProject
Global
	GlobalSection(SolutionConfigurationPlatforms) = preSolution
		Debug|Any CPU = Debug|Any CPU
		Release|Any CPU = Release|Any CPU
	EndGlobalSection
	GlobalSection(ProjectConfigurationPlatforms) = postSolution
		{F924F7B2-B0E2-4C29-8D01-5482E4A50D6E}.Debug|Any CPU.ActiveCfg = Debug|Any CPU
		{F924F7B2-B0E2-4C29-8D01-5482E4A50D6E}.Debug|Any CPU.Build.0 = Debug|Any CPU
		{F924F7B2-B0E2-4C29-8D01-5482E4A50D6E}.Release|Any CPU.ActiveCfg = Release|Any CPU
		{F924F7B2-B0E2-4C29-8D01-5482E4A50D6E}.Release|Any CPU.Build.0 = Release|Any CPU
	EndGlobalSection
	GlobalSection(SolutionProperties) = preSolution
		HideSolutionNode = FALSE
	EndGlobalSection
	GlobalSection(ExtensibilityGlobals) = postSolution
		SolutionGuid = {54D7C75F-FC51-48A1-AD8A-88227A636785}
	EndGlobalSection
	GlobalSection(TeamFoundationVersionControl) = preSolution
		SccNumberOfProjects = 2
		SccEnterpriseProvider = {4CA58AB2-18FA-4F8D-95D4-32DDF27D184C}
		SccTeamFoundationServer = https://dev.azure.com/ashishworkspace
		SccLocalPath0 = .
		SccProjectUniqueName1 = CodingExercise\\CodingExercise.csproj
		SccProjectName1 = CodingExercise
		SccLocalPath1 = CodingExercise
	EndGlobalSection
EndGlobal
