
Microsoft Visual Studio Solution File, Format Version 12.00
# Visual Studio 15
VisualStudioVersion = 15.0.28307.329
MinimumVisualStudioVersion = 10.0.40219.1
Project("{FAE04EC0-301F-11D3-BF4B-00C04F79EFBC}") = "MultipleInheritance", "MultipleInheritance\MultipleInheritance.csproj", "{ADFDC4B8-1FA7-4611-B195-09716C3571DF}"
EndProject
Global
	GlobalSection(SolutionConfigurationPlatforms) = preSolution
		Debug|Any CPU = Debug|Any CPU
		Release|Any CPU = Release|Any CPU
	EndGlobalSection
	GlobalSection(ProjectConfigurationPlatforms) = postSolution
		{ADFDC4B8-1FA7-4611-B195-09716C3571DF}.Debug|Any CPU.ActiveCfg = Debug|Any CPU
		{ADFDC4B8-1FA7-4611-B195-09716C3571DF}.Debug|Any CPU.Build.0 = Debug|Any CPU
		{ADFDC4B8-1FA7-4611-B195-09716C3571DF}.Release|Any CPU.ActiveCfg = Release|Any CPU
		{ADFDC4B8-1FA7-4611-B195-09716C3571DF}.Release|Any CPU.Build.0 = Release|Any CPU
	EndGlobalSection
	GlobalSection(SolutionProperties) = preSolution
		HideSolutionNode = FALSE
	EndGlobalSection
	GlobalSection(ExtensibilityGlobals) = postSolution
		SolutionGuid = {6DB0ACAD-9A9F-4EA4-AC8D-AC65D063622D}
	EndGlobalSection
	GlobalSection(TeamFoundationVersionControl) = preSolution
		SccNumberOfProjects = 2
		SccEnterpriseProvider = {4CA58AB2-18FA-4F8D-95D4-32DDF27D184C}
		SccTeamFoundationServer = https://ashishworkspace.visualstudio.com/
		SccLocalPath0 = .
		SccProjectUniqueName1 = MultipleInheritance\\MultipleInheritance.csproj
		SccProjectName1 = MultipleInheritance
		SccLocalPath1 = MultipleInheritance
	EndGlobalSection
EndGlobal
