
Microsoft Visual Studio Solution File, Format Version 12.00
# Visual Studio 15
VisualStudioVersion = 15.0.28307.271
MinimumVisualStudioVersion = 10.0.40219.1
Project("{FAE04EC0-301F-11D3-BF4B-00C04F79EFBC}") = "SingletonBasic", "SingletonBasic\SingletonBasic.csproj", "{1CFEC212-D831-4713-A5BE-69FC3AC6E0BB}"
EndProject
Global
	GlobalSection(SolutionConfigurationPlatforms) = preSolution
		Debug|Any CPU = Debug|Any CPU
		Release|Any CPU = Release|Any CPU
	EndGlobalSection
	GlobalSection(ProjectConfigurationPlatforms) = postSolution
		{1CFEC212-D831-4713-A5BE-69FC3AC6E0BB}.Debug|Any CPU.ActiveCfg = Debug|Any CPU
		{1CFEC212-D831-4713-A5BE-69FC3AC6E0BB}.Debug|Any CPU.Build.0 = Debug|Any CPU
		{1CFEC212-D831-4713-A5BE-69FC3AC6E0BB}.Release|Any CPU.ActiveCfg = Release|Any CPU
		{1CFEC212-D831-4713-A5BE-69FC3AC6E0BB}.Release|Any CPU.Build.0 = Release|Any CPU
	EndGlobalSection
	GlobalSection(SolutionProperties) = preSolution
		HideSolutionNode = FALSE
	EndGlobalSection
	GlobalSection(ExtensibilityGlobals) = postSolution
		SolutionGuid = {5E29258A-3B6F-4768-92AB-A8D7ED6E5FF4}
	EndGlobalSection
	GlobalSection(TeamFoundationVersionControl) = preSolution
		SccNumberOfProjects = 2
		SccEnterpriseProvider = {4CA58AB2-18FA-4F8D-95D4-32DDF27D184C}
		SccTeamFoundationServer = https://ashishworkspace.visualstudio.com/
		SccLocalPath0 = .
		SccProjectUniqueName1 = SingletonBasic\\SingletonBasic.csproj
		SccProjectName1 = SingletonBasic
		SccLocalPath1 = SingletonBasic
	EndGlobalSection
EndGlobal
