
Microsoft Visual Studio Solution File, Format Version 12.00
# Visual Studio 15
VisualStudioVersion = 15.0.28307.489
MinimumVisualStudioVersion = 10.0.40219.1
Project("{FAE04EC0-301F-11D3-BF4B-00C04F79EFBC}") = "BreakingAndStoppingDemo", "BreakingAndStoppingDemo\BreakingAndStoppingDemo.csproj", "{F857BF2E-A1FD-44E8-BE8A-E2C30DD439C9}"
EndProject
Global
	GlobalSection(SolutionConfigurationPlatforms) = preSolution
		Debug|Any CPU = Debug|Any CPU
		Release|Any CPU = Release|Any CPU
	EndGlobalSection
	GlobalSection(ProjectConfigurationPlatforms) = postSolution
		{F857BF2E-A1FD-44E8-BE8A-E2C30DD439C9}.Debug|Any CPU.ActiveCfg = Debug|Any CPU
		{F857BF2E-A1FD-44E8-BE8A-E2C30DD439C9}.Debug|Any CPU.Build.0 = Debug|Any CPU
		{F857BF2E-A1FD-44E8-BE8A-E2C30DD439C9}.Release|Any CPU.ActiveCfg = Release|Any CPU
		{F857BF2E-A1FD-44E8-BE8A-E2C30DD439C9}.Release|Any CPU.Build.0 = Release|Any CPU
	EndGlobalSection
	GlobalSection(SolutionProperties) = preSolution
		HideSolutionNode = FALSE
	EndGlobalSection
	GlobalSection(ExtensibilityGlobals) = postSolution
		SolutionGuid = {B11569E9-6397-4289-9B41-4E84294B50C1}
	EndGlobalSection
	GlobalSection(TeamFoundationVersionControl) = preSolution
		SccNumberOfProjects = 2
		SccEnterpriseProvider = {4CA58AB2-18FA-4F8D-95D4-32DDF27D184C}
		SccTeamFoundationServer = https://dev.azure.com/ashishworkspace
		SccLocalPath0 = .
		SccProjectUniqueName1 = BreakingAndStoppingDemo\\BreakingAndStoppingDemo.csproj
		SccProjectName1 = BreakingAndStoppingDemo
		SccLocalPath1 = BreakingAndStoppingDemo
	EndGlobalSection
EndGlobal
