
Microsoft Visual Studio Solution File, Format Version 12.00
# Visual Studio 15
VisualStudioVersion = 15.0.28307.329
MinimumVisualStudioVersion = 10.0.40219.1
Project("{FAE04EC0-301F-11D3-BF4B-00C04F79EFBC}") = "WeakEventPatterns", "WeakEventPatterns\WeakEventPatterns.csproj", "{4E84A33E-0964-4086-899E-EE82120C457B}"
EndProject
Global
	GlobalSection(SolutionConfigurationPlatforms) = preSolution
		Debug|Any CPU = Debug|Any CPU
		Release|Any CPU = Release|Any CPU
	EndGlobalSection
	GlobalSection(ProjectConfigurationPlatforms) = postSolution
		{4E84A33E-0964-4086-899E-EE82120C457B}.Debug|Any CPU.ActiveCfg = Debug|Any CPU
		{4E84A33E-0964-4086-899E-EE82120C457B}.Debug|Any CPU.Build.0 = Debug|Any CPU
		{4E84A33E-0964-4086-899E-EE82120C457B}.Release|Any CPU.ActiveCfg = Release|Any CPU
		{4E84A33E-0964-4086-899E-EE82120C457B}.Release|Any CPU.Build.0 = Release|Any CPU
	EndGlobalSection
	GlobalSection(SolutionProperties) = preSolution
		HideSolutionNode = FALSE
	EndGlobalSection
	GlobalSection(ExtensibilityGlobals) = postSolution
		SolutionGuid = {845E614C-37D7-48F5-B325-928872512D4E}
	EndGlobalSection
	GlobalSection(TeamFoundationVersionControl) = preSolution
		SccNumberOfProjects = 2
		SccEnterpriseProvider = {4CA58AB2-18FA-4F8D-95D4-32DDF27D184C}
		SccTeamFoundationServer = https://ashishworkspace.visualstudio.com/
		SccLocalPath0 = .
		SccProjectUniqueName1 = WeakEventPatterns\\WeakEventPatterns.csproj
		SccProjectName1 = WeakEventPatterns
		SccLocalPath1 = WeakEventPatterns
	EndGlobalSection
EndGlobal
