
Microsoft Visual Studio Solution File, Format Version 12.00
# Visual Studio 15
VisualStudioVersion = 15.0.28307.329
MinimumVisualStudioVersion = 10.0.40219.1
Project("{FAE04EC0-301F-11D3-BF4B-00C04F79EFBC}") = "Reflective", "Reflective\Reflective.csproj", "{6291A24C-BE63-4637-BC3B-6207DBD20DE1}"
EndProject
Global
	GlobalSection(SolutionConfigurationPlatforms) = preSolution
		Debug|Any CPU = Debug|Any CPU
		Release|Any CPU = Release|Any CPU
	EndGlobalSection
	GlobalSection(ProjectConfigurationPlatforms) = postSolution
		{6291A24C-BE63-4637-BC3B-6207DBD20DE1}.Debug|Any CPU.ActiveCfg = Debug|Any CPU
		{6291A24C-BE63-4637-BC3B-6207DBD20DE1}.Debug|Any CPU.Build.0 = Debug|Any CPU
		{6291A24C-BE63-4637-BC3B-6207DBD20DE1}.Release|Any CPU.ActiveCfg = Release|Any CPU
		{6291A24C-BE63-4637-BC3B-6207DBD20DE1}.Release|Any CPU.Build.0 = Release|Any CPU
	EndGlobalSection
	GlobalSection(SolutionProperties) = preSolution
		HideSolutionNode = FALSE
	EndGlobalSection
	GlobalSection(ExtensibilityGlobals) = postSolution
		SolutionGuid = {161F4356-BEE1-4C51-AFE6-04C227E908B8}
	EndGlobalSection
	GlobalSection(TeamFoundationVersionControl) = preSolution
		SccNumberOfProjects = 2
		SccEnterpriseProvider = {4CA58AB2-18FA-4F8D-95D4-32DDF27D184C}
		SccTeamFoundationServer = https://ashishworkspace.visualstudio.com/
		SccLocalPath0 = .
		SccProjectUniqueName1 = Reflective\\Reflective.csproj
		SccProjectName1 = Reflective
		SccLocalPath1 = Reflective
	EndGlobalSection
EndGlobal
