
Microsoft Visual Studio Solution File, Format Version 12.00
# Visual Studio 15
VisualStudioVersion = 15.0.28307.489
MinimumVisualStudioVersion = 10.0.40219.1
Project("{FAE04EC0-301F-11D3-BF4B-00C04F79EFBC}") = "PartitioningDemo", "PartitioningDemo\PartitioningDemo.csproj", "{E3F1D797-23CB-4C72-A81B-5F4A0217CC1F}"
EndProject
Global
	GlobalSection(SolutionConfigurationPlatforms) = preSolution
		Debug|Any CPU = Debug|Any CPU
		Release|Any CPU = Release|Any CPU
	EndGlobalSection
	GlobalSection(ProjectConfigurationPlatforms) = postSolution
		{E3F1D797-23CB-4C72-A81B-5F4A0217CC1F}.Debug|Any CPU.ActiveCfg = Debug|Any CPU
		{E3F1D797-23CB-4C72-A81B-5F4A0217CC1F}.Debug|Any CPU.Build.0 = Debug|Any CPU
		{E3F1D797-23CB-4C72-A81B-5F4A0217CC1F}.Release|Any CPU.ActiveCfg = Release|Any CPU
		{E3F1D797-23CB-4C72-A81B-5F4A0217CC1F}.Release|Any CPU.Build.0 = Release|Any CPU
	EndGlobalSection
	GlobalSection(SolutionProperties) = preSolution
		HideSolutionNode = FALSE
	EndGlobalSection
	GlobalSection(ExtensibilityGlobals) = postSolution
		SolutionGuid = {4A7D421F-34D3-483C-AEFD-C31A6945F8E1}
	EndGlobalSection
	GlobalSection(TeamFoundationVersionControl) = preSolution
		SccNumberOfProjects = 2
		SccEnterpriseProvider = {4CA58AB2-18FA-4F8D-95D4-32DDF27D184C}
		SccTeamFoundationServer = https://dev.azure.com/ashishworkspace
		SccLocalPath0 = .
		SccProjectUniqueName1 = PartitioningDemo\\PartitioningDemo.csproj
		SccProjectName1 = PartitioningDemo
		SccLocalPath1 = PartitioningDemo
	EndGlobalSection
EndGlobal
