
Microsoft Visual Studio Solution File, Format Version 12.00
# Visual Studio 15
VisualStudioVersion = 15.0.28307.489
MinimumVisualStudioVersion = 10.0.40219.1
Project("{FAE04EC0-301F-11D3-BF4B-00C04F79EFBC}") = "PassByValue", "PassByValue\PassByValue.csproj", "{B2F255C6-2438-4897-ADC4-E05DB0D82DFA}"
EndProject
Global
	GlobalSection(SolutionConfigurationPlatforms) = preSolution
		Debug|Any CPU = Debug|Any CPU
		Release|Any CPU = Release|Any CPU
	EndGlobalSection
	GlobalSection(ProjectConfigurationPlatforms) = postSolution
		{B2F255C6-2438-4897-ADC4-E05DB0D82DFA}.Debug|Any CPU.ActiveCfg = Debug|Any CPU
		{B2F255C6-2438-4897-ADC4-E05DB0D82DFA}.Debug|Any CPU.Build.0 = Debug|Any CPU
		{B2F255C6-2438-4897-ADC4-E05DB0D82DFA}.Release|Any CPU.ActiveCfg = Release|Any CPU
		{B2F255C6-2438-4897-ADC4-E05DB0D82DFA}.Release|Any CPU.Build.0 = Release|Any CPU
	EndGlobalSection
	GlobalSection(SolutionProperties) = preSolution
		HideSolutionNode = FALSE
	EndGlobalSection
	GlobalSection(ExtensibilityGlobals) = postSolution
		SolutionGuid = {BCE23E77-A73B-435C-89BE-AAB8FFEE0531}
	EndGlobalSection
	GlobalSection(TeamFoundationVersionControl) = preSolution
		SccNumberOfProjects = 2
		SccEnterpriseProvider = {4CA58AB2-18FA-4F8D-95D4-32DDF27D184C}
		SccTeamFoundationServer = https://dev.azure.com/ashishworkspace
		SccLocalPath0 = .
		SccProjectUniqueName1 = PassByValue\\PassByValue.csproj
		SccProjectName1 = PassByValue
		SccLocalPath1 = PassByValue
	EndGlobalSection
EndGlobal
