
Microsoft Visual Studio Solution File, Format Version 12.00
# Visual Studio 15
VisualStudioVersion = 15.0.28307.329
MinimumVisualStudioVersion = 10.0.40219.1
Project("{FAE04EC0-301F-11D3-BF4B-00C04F79EFBC}") = "Static", "Static\Static.csproj", "{D852C754-A2F3-4D2F-802F-05F39F815B9C}"
EndProject
Global
	GlobalSection(SolutionConfigurationPlatforms) = preSolution
		Debug|Any CPU = Debug|Any CPU
		Release|Any CPU = Release|Any CPU
	EndGlobalSection
	GlobalSection(ProjectConfigurationPlatforms) = postSolution
		{D852C754-A2F3-4D2F-802F-05F39F815B9C}.Debug|Any CPU.ActiveCfg = Debug|Any CPU
		{D852C754-A2F3-4D2F-802F-05F39F815B9C}.Debug|Any CPU.Build.0 = Debug|Any CPU
		{D852C754-A2F3-4D2F-802F-05F39F815B9C}.Release|Any CPU.ActiveCfg = Release|Any CPU
		{D852C754-A2F3-4D2F-802F-05F39F815B9C}.Release|Any CPU.Build.0 = Release|Any CPU
	EndGlobalSection
	GlobalSection(SolutionProperties) = preSolution
		HideSolutionNode = FALSE
	EndGlobalSection
	GlobalSection(ExtensibilityGlobals) = postSolution
		SolutionGuid = {F033F632-6AB7-478B-BF7F-60156A776BD1}
	EndGlobalSection
	GlobalSection(TeamFoundationVersionControl) = preSolution
		SccNumberOfProjects = 2
		SccEnterpriseProvider = {4CA58AB2-18FA-4F8D-95D4-32DDF27D184C}
		SccTeamFoundationServer = https://dev.azure.com/ashishworkspace
		SccLocalPath0 = .
		SccProjectUniqueName1 = Static\\Static.csproj
		SccProjectName1 = Static
		SccLocalPath1 = Static
	EndGlobalSection
EndGlobal
